
Microsoft Visual Studio Solution File, Format Version 12.00
# Visual Studio Version 17
VisualStudioVersion = 17.5.002.0
MinimumVisualStudioVersion = 10.0.40219.1
Project("{9A19103F-16F7-4668-BE54-9A1E7A4F7556}") = "Library.Tests", "Library.Tests.csproj", "{E889AED2-2B0B-407E-950B-C97E945D2ACB}"
EndProject
Global
	GlobalSection(SolutionConfigurationPlatforms) = preSolution
		Debug|Any CPU = Debug|Any CPU
		Release|Any CPU = Release|Any CPU
	EndGlobalSection
	GlobalSection(ProjectConfigurationPlatforms) = postSolution
		{E889AED2-2B0B-407E-950B-C97E945D2ACB}.Debug|Any CPU.ActiveCfg = Debug|Any CPU
		{E889AED2-2B0B-407E-950B-C97E945D2ACB}.Debug|Any CPU.Build.0 = Debug|Any CPU
		{E889AED2-2B0B-407E-950B-C97E945D2ACB}.Release|Any CPU.ActiveCfg = Release|Any CPU
		{E889AED2-2B0B-407E-950B-C97E945D2ACB}.Release|Any CPU.Build.0 = Release|Any CPU
	EndGlobalSection
	GlobalSection(SolutionProperties) = preSolution
		HideSolutionNode = FALSE
	EndGlobalSection
	GlobalSection(ExtensibilityGlobals) = postSolution
		SolutionGuid = {EA0CB2D5-6588-4709-88B8-B60E248A22DA}
	EndGlobalSection
EndGlobal
